<?xml version="1.0" encoding="utf-8"?>
<Project ToolsVersion="4.0" xmlns="http://schemas.microsoft.com/developer/msbuild/2003">
  <ItemGroup>
    <Filter Include="imgui">
      <UniqueIdentifier>{0587d7a3-f2ce-4d56-b84f-a0005d3bfce6}</UniqueIdentifier>
    </Filter>
    <Filter Include="sources">
      <UniqueIdentifier>{08e36723-ce4f-4cff-9662-c40801cf1acf}</UniqueIdentifier>
    </Filter>
    <Filter Include="Resource Files">
      <UniqueIdentifier>{dc45816d-3ca5-46c4-9ca8-24eb5d85baa5}</UniqueIdentifier>
    </Filter>
    <Filter Include="ImHex">
      <UniqueIdentifier>{acf41dee-a154-4fe6-9135-b335ba79dbfd}</UniqueIdentifier>
    </Filter>
    <Filter Include="debugger">
      <UniqueIdentifier>{89cba516-3501-488d-b806-59548038c7e8}</UniqueIdentifier>
    </Filter>
    <Filter Include="FileBrowser">
      <UniqueIdentifier>{3406efbd-e2a8-4b1e-a286-44b0e00b98c9}</UniqueIdentifier>
    </Filter>
  </ItemGroup>
  <ItemGroup>
    <ClInclude Include="..\..\imconfig.h">
      <Filter>imgui</Filter>
    </ClInclude>
    <ClInclude Include="..\..\imgui.h">
      <Filter>imgui</Filter>
    </ClInclude>
    <ClInclude Include="..\..\imgui_internal.h">
      <Filter>imgui</Filter>
    </ClInclude>
    <ClInclude Include="..\..\backends\imgui_impl_dx10.h">
      <Filter>sources</Filter>
    </ClInclude>
    <ClInclude Include="..\..\backends\imgui_impl_win32.h">
      <Filter>sources</Filter>
    </ClInclude>
    <ClInclude Include="resource.h" />
    <ClInclude Include="memoryMap.h" />
    <ClInclude Include="cpu\cpu.h">
      <Filter>debugger</Filter>
    </ClInclude>
    <ClInclude Include="cpu\debugger.h">
      <Filter>debugger</Filter>
    </ClInclude>
    <ClInclude Include="cpu\opcode.h">
      <Filter>debugger</Filter>
    </ClInclude>
  </ItemGroup>
  <ItemGroup>
    <ClCompile Include="..\..\imgui.cpp">
      <Filter>imgui</Filter>
    </ClCompile>
    <ClCompile Include="main.cpp">
      <Filter>sources</Filter>
    </ClCompile>
    <ClCompile Include="..\..\imgui_demo.cpp">
      <Filter>imgui</Filter>
    </ClCompile>
    <ClCompile Include="..\..\imgui_draw.cpp">
      <Filter>imgui</Filter>
    </ClCompile>
    <ClCompile Include="..\..\backends\imgui_impl_dx10.cpp">
      <Filter>sources</Filter>
    </ClCompile>
    <ClCompile Include="..\..\backends\imgui_impl_win32.cpp">
      <Filter>sources</Filter>
    </ClCompile>
    <ClCompile Include="..\..\imgui_tables.cpp">
      <Filter>imgui</Filter>
    </ClCompile>
    <ClCompile Include="..\..\imgui_widgets.cpp">
      <Filter>imgui</Filter>
    </ClCompile>
    <ClCompile Include="kcaExtensionsRegistry.cpp" />
    <ClCompile Include="psxevents.cpp" />
    <ClCompile Include="parser.cpp" />
    <ClCompile Include="memoryMap.cpp" />
    <ClCompile Include="cpu\debugger.cpp">
      <Filter>debugger</Filter>
    </ClCompile>
    <ClCompile Include="fmt\src\format.cc">
      <Filter>debugger</Filter>
    </ClCompile>
    <ClCompile Include="fmt\src\posix.cc">
      <Filter>debugger</Filter>
    </ClCompile>
    <ClCompile Include="FileBrowser\ImGuiFileBrowser.cpp">
      <Filter>FileBrowser</Filter>
    </ClCompile>
    <ClCompile Include="GPUCommandGen.cpp" />
    <ClCompile Include="gpu_ref.cpp" />
    <ClCompile Include="gpu_triangle.cpp" />
  </ItemGroup>
  <ItemGroup>
    <None Include="..\README.txt" />
    <None Include="..\..\misc\natvis\imgui.natvis">
      <Filter>sources</Filter>
    </None>
  </ItemGroup>
  <ItemGroup>
    <Image Include="Icon.png" />
  </ItemGroup>
  <ItemGroup>
    <ResourceCompile Include="example_win32_directx10.rc">
      <Filter>Resource Files</Filter>
    </ResourceCompile>
  </ItemGroup>
</Project>